
Microsoft Visual Studio Solution File, Format Version 12.00
# Visual Studio Version 17
VisualStudioVersion = 17.6.33829.357
MinimumVisualStudioVersion = 10.0.40219.1
Project("{FAE04EC0-301F-11D3-BF4B-00C04F79EFBC}") = "ExchngeApp", "ExchngeApp\ExchngeApp.csproj", "{4004864E-D94C-42A7-B6EC-F7B34A6E2D11}"
EndProject
Global
	GlobalSection(SolutionConfigurationPlatforms) = preSolution
		Debug|Any CPU = Debug|Any CPU
		Release|Any CPU = Release|Any CPU
	EndGlobalSection
	GlobalSection(ProjectConfigurationPlatforms) = postSolution
		{4004864E-D94C-42A7-B6EC-F7B34A6E2D11}.Debug|Any CPU.ActiveCfg = Debug|Any CPU
		{4004864E-D94C-42A7-B6EC-F7B34A6E2D11}.Debug|Any CPU.Build.0 = Debug|Any CPU
		{4004864E-D94C-42A7-B6EC-F7B34A6E2D11}.Release|Any CPU.ActiveCfg = Release|Any CPU
		{4004864E-D94C-42A7-B6EC-F7B34A6E2D11}.Release|Any CPU.Build.0 = Release|Any CPU
	EndGlobalSection
	GlobalSection(SolutionProperties) = preSolution
		HideSolutionNode = FALSE
	EndGlobalSection
	GlobalSection(ExtensibilityGlobals) = postSolution
		SolutionGuid = {102DC742-0136-4838-BD91-3A83E1AAC9C3}
	EndGlobalSection
EndGlobal
